
Microsoft Visual Studio Solution File, Format Version 12.00
# Visual Studio Version 17
VisualStudioVersion = 17.4.33213.308
MinimumVisualStudioVersion = 10.0.40219.1
Project("{FAE04EC0-301F-11D3-BF4B-00C04F79EFBC}") = "2023-02-06", "2023-02-06\2023-02-06.csproj", "{B58E2EEF-957A-4402-B10C-42143D932413}"
EndProject
Project("{FAE04EC0-301F-11D3-BF4B-00C04F79EFBC}") = "animal", "animal\animal.csproj", "{38B65AB8-3A79-4345-A818-162171127FBC}"
EndProject
Global
	GlobalSection(SolutionConfigurationPlatforms) = preSolution
		Debug|Any CPU = Debug|Any CPU
		Release|Any CPU = Release|Any CPU
	EndGlobalSection
	GlobalSection(ProjectConfigurationPlatforms) = postSolution
		{B58E2EEF-957A-4402-B10C-42143D932413}.Debug|Any CPU.ActiveCfg = Debug|Any CPU
		{B58E2EEF-957A-4402-B10C-42143D932413}.Debug|Any CPU.Build.0 = Debug|Any CPU
		{B58E2EEF-957A-4402-B10C-42143D932413}.Release|Any CPU.ActiveCfg = Release|Any CPU
		{B58E2EEF-957A-4402-B10C-42143D932413}.Release|Any CPU.Build.0 = Release|Any CPU
		{38B65AB8-3A79-4345-A818-162171127FBC}.Debug|Any CPU.ActiveCfg = Debug|Any CPU
		{38B65AB8-3A79-4345-A818-162171127FBC}.Debug|Any CPU.Build.0 = Debug|Any CPU
		{38B65AB8-3A79-4345-A818-162171127FBC}.Release|Any CPU.ActiveCfg = Release|Any CPU
		{38B65AB8-3A79-4345-A818-162171127FBC}.Release|Any CPU.Build.0 = Release|Any CPU
	EndGlobalSection
	GlobalSection(SolutionProperties) = preSolution
		HideSolutionNode = FALSE
	EndGlobalSection
	GlobalSection(ExtensibilityGlobals) = postSolution
		SolutionGuid = {1475BEB3-5E75-487A-9DAE-7D0AE7BFC5BA}
	EndGlobalSection
EndGlobal
