
Microsoft Visual Studio Solution File, Format Version 12.00
# Visual Studio Version 17
VisualStudioVersion = 17.4.33213.308
MinimumVisualStudioVersion = 10.0.40219.1
Project("{FAE04EC0-301F-11D3-BF4B-00C04F79EFBC}") = "CimletekOOP2", "CimletekOOP2.csproj", "{D5D58D8C-A96E-43F4-BB5D-703379FCBBA7}"
EndProject
Global
	GlobalSection(SolutionConfigurationPlatforms) = preSolution
		Debug|Any CPU = Debug|Any CPU
		Release|Any CPU = Release|Any CPU
	EndGlobalSection
	GlobalSection(ProjectConfigurationPlatforms) = postSolution
		{D5D58D8C-A96E-43F4-BB5D-703379FCBBA7}.Debug|Any CPU.ActiveCfg = Debug|Any CPU
		{D5D58D8C-A96E-43F4-BB5D-703379FCBBA7}.Debug|Any CPU.Build.0 = Debug|Any CPU
		{D5D58D8C-A96E-43F4-BB5D-703379FCBBA7}.Release|Any CPU.ActiveCfg = Release|Any CPU
		{D5D58D8C-A96E-43F4-BB5D-703379FCBBA7}.Release|Any CPU.Build.0 = Release|Any CPU
	EndGlobalSection
	GlobalSection(SolutionProperties) = preSolution
		HideSolutionNode = FALSE
	EndGlobalSection
	GlobalSection(ExtensibilityGlobals) = postSolution
		SolutionGuid = {14B98CF9-1EC6-4EC0-BA5C-420E47C6B9EA}
	EndGlobalSection
EndGlobal
